
Microsoft Visual Studio Solution File, Format Version 12.00
# Visual Studio Version 17
VisualStudioVersion = 17.13.35919.96
MinimumVisualStudioVersion = 10.0.40219.1
Project("{FAE04EC0-301F-11D3-BF4B-00C04F79EFBC}") = "mapper", "mapper.csproj", "{B9275CC9-AA2B-9EED-BE78-8F16247E11E7}"
EndProject
Project("{FAE04EC0-301F-11D3-BF4B-00C04F79EFBC}") = "Ju.Mapper", "Ju.Mapper\Ju.Mapper.csproj", "{F323DBF3-4A92-8107-7488-2BC79FD602FE}"
EndProject
Global
	GlobalSection(SolutionConfigurationPlatforms) = preSolution
		Debug|Any CPU = Debug|Any CPU
		Release|Any CPU = Release|Any CPU
	EndGlobalSection
	GlobalSection(ProjectConfigurationPlatforms) = postSolution
		{B9275CC9-AA2B-9EED-BE78-8F16247E11E7}.Debug|Any CPU.ActiveCfg = Debug|Any CPU
		{B9275CC9-AA2B-9EED-BE78-8F16247E11E7}.Debug|Any CPU.Build.0 = Debug|Any CPU
		{B9275CC9-AA2B-9EED-BE78-8F16247E11E7}.Release|Any CPU.ActiveCfg = Release|Any CPU
		{B9275CC9-AA2B-9EED-BE78-8F16247E11E7}.Release|Any CPU.Build.0 = Release|Any CPU
		{F323DBF3-4A92-8107-7488-2BC79FD602FE}.Debug|Any CPU.ActiveCfg = Debug|Any CPU
		{F323DBF3-4A92-8107-7488-2BC79FD602FE}.Debug|Any CPU.Build.0 = Debug|Any CPU
		{F323DBF3-4A92-8107-7488-2BC79FD602FE}.Release|Any CPU.ActiveCfg = Release|Any CPU
		{F323DBF3-4A92-8107-7488-2BC79FD602FE}.Release|Any CPU.Build.0 = Release|Any CPU
	EndGlobalSection
	GlobalSection(SolutionProperties) = preSolution
		HideSolutionNode = FALSE
	EndGlobalSection
	GlobalSection(ExtensibilityGlobals) = postSolution
		SolutionGuid = {6F7AC3CB-6AB2-415B-9E4C-305E78B378E9}
	EndGlobalSection
EndGlobal
