
Microsoft Visual Studio Solution File, Format Version 12.00
# Visual Studio Version 17
VisualStudioVersion = 17.13.35919.96
MinimumVisualStudioVersion = 10.0.40219.1
Project("{FAE04EC0-301F-11D3-BF4B-00C04F79EFBC}") = "class_2", "class_2.csproj", "{7FC5774C-48CB-2DD1-259F-4F0BD37AD76E}"
EndProject
Global
	GlobalSection(SolutionConfigurationPlatforms) = preSolution
		Debug|Any CPU = Debug|Any CPU
		Release|Any CPU = Release|Any CPU
	EndGlobalSection
	GlobalSection(ProjectConfigurationPlatforms) = postSolution
		{7FC5774C-48CB-2DD1-259F-4F0BD37AD76E}.Debug|Any CPU.ActiveCfg = Debug|Any CPU
		{7FC5774C-48CB-2DD1-259F-4F0BD37AD76E}.Debug|Any CPU.Build.0 = Debug|Any CPU
		{7FC5774C-48CB-2DD1-259F-4F0BD37AD76E}.Release|Any CPU.ActiveCfg = Release|Any CPU
		{7FC5774C-48CB-2DD1-259F-4F0BD37AD76E}.Release|Any CPU.Build.0 = Release|Any CPU
	EndGlobalSection
	GlobalSection(SolutionProperties) = preSolution
		HideSolutionNode = FALSE
	EndGlobalSection
	GlobalSection(ExtensibilityGlobals) = postSolution
		SolutionGuid = {7B8C8C8E-D173-460E-96A3-44CD41D67752}
	EndGlobalSection
EndGlobal
