
Microsoft Visual Studio Solution File, Format Version 12.00
# Visual Studio Version 17
VisualStudioVersion = 17.14.36109.1 d17.14
MinimumVisualStudioVersion = 10.0.40219.1
Project("{FAE04EC0-301F-11D3-BF4B-00C04F79EFBC}") = "RabbitMq.Publisher", "RabbitMq.Publisher\RabbitMq.Publisher.csproj", "{CCB63D24-D6C0-4D53-96B7-58BDB8ACB057}"
EndProject
Project("{FAE04EC0-301F-11D3-BF4B-00C04F79EFBC}") = "RabbitMq.Subscriber", "RabbitMq.Subscriber\RabbitMq.Subscriber.csproj", "{45854935-D099-49C7-A45D-3F0EB5CBAA9E}"
EndProject
Project("{FAE04EC0-301F-11D3-BF4B-00C04F79EFBC}") = "RabbitMq.Shared", "RabbitMq.Shared\RabbitMq.Shared.csproj", "{3CD55DE4-4051-4CCC-B27E-F0800FE75F5B}"
EndProject
Global
	GlobalSection(SolutionConfigurationPlatforms) = preSolution
		Debug|Any CPU = Debug|Any CPU
		Release|Any CPU = Release|Any CPU
	EndGlobalSection
	GlobalSection(ProjectConfigurationPlatforms) = postSolution
		{CCB63D24-D6C0-4D53-96B7-58BDB8ACB057}.Debug|Any CPU.ActiveCfg = Debug|Any CPU
		{CCB63D24-D6C0-4D53-96B7-58BDB8ACB057}.Debug|Any CPU.Build.0 = Debug|Any CPU
		{CCB63D24-D6C0-4D53-96B7-58BDB8ACB057}.Release|Any CPU.ActiveCfg = Release|Any CPU
		{CCB63D24-D6C0-4D53-96B7-58BDB8ACB057}.Release|Any CPU.Build.0 = Release|Any CPU
		{45854935-D099-49C7-A45D-3F0EB5CBAA9E}.Debug|Any CPU.ActiveCfg = Debug|Any CPU
		{45854935-D099-49C7-A45D-3F0EB5CBAA9E}.Debug|Any CPU.Build.0 = Debug|Any CPU
		{45854935-D099-49C7-A45D-3F0EB5CBAA9E}.Release|Any CPU.ActiveCfg = Release|Any CPU
		{45854935-D099-49C7-A45D-3F0EB5CBAA9E}.Release|Any CPU.Build.0 = Release|Any CPU
		{3CD55DE4-4051-4CCC-B27E-F0800FE75F5B}.Debug|Any CPU.ActiveCfg = Debug|Any CPU
		{3CD55DE4-4051-4CCC-B27E-F0800FE75F5B}.Debug|Any CPU.Build.0 = Debug|Any CPU
		{3CD55DE4-4051-4CCC-B27E-F0800FE75F5B}.Release|Any CPU.ActiveCfg = Release|Any CPU
		{3CD55DE4-4051-4CCC-B27E-F0800FE75F5B}.Release|Any CPU.Build.0 = Release|Any CPU
	EndGlobalSection
	GlobalSection(SolutionProperties) = preSolution
		HideSolutionNode = FALSE
	EndGlobalSection
	GlobalSection(ExtensibilityGlobals) = postSolution
		SolutionGuid = {DEFE212E-DEE2-4D88-BC92-B1915D65D3B3}
	EndGlobalSection
EndGlobal
