
Microsoft Visual Studio Solution File, Format Version 12.00
# Visual Studio Version 17
VisualStudioVersion = 17.13.35825.156
MinimumVisualStudioVersion = 10.0.40219.1
Project("{FAE04EC0-301F-11D3-BF4B-00C04F79EFBC}") = "PetShop.Manager.Domain", "PetShop.Manager.Domain\PetShop.Manager.Domain.csproj", "{DCCF6384-F802-42C3-BAED-E1E229DCEE4B}"
EndProject
Project("{FAE04EC0-301F-11D3-BF4B-00C04F79EFBC}") = "PetShop.Manager.WebApi", "PetShop.Manager.WebApi\PetShop.Manager.WebApi.csproj", "{A20265E8-F63B-4444-93EB-4E9BBA2F01AF}"
EndProject
Project("{2150E333-8FDC-42A3-9474-1A3956D46DE8}") = "1-Presentation", "1-Presentation", "{02EA681E-C7D8-13C7-8484-4AC65E1B71E8}"
EndProject
Project("{2150E333-8FDC-42A3-9474-1A3956D46DE8}") = "2.2-Domain", "2.2-Domain", "{028D6F8B-7923-422D-9031-82B53B9E9A71}"
EndProject
Project("{2150E333-8FDC-42A3-9474-1A3956D46DE8}") = "2.1-Application", "2.1-Application", "{60532BB9-0976-45D5-A663-5F884DA2B1DA}"
EndProject
Project("{2150E333-8FDC-42A3-9474-1A3956D46DE8}") = "3-Persistence", "3-Persistence", "{D60B2D20-A0D9-4EC1-BF79-6792C15A7821}"
EndProject
Project("{2150E333-8FDC-42A3-9474-1A3956D46DE8}") = "4-Infrastructure", "4-Infrastructure", "{7EFB47D3-E6F5-4BA5-8EBB-659999D0CC50}"
EndProject
Project("{2150E333-8FDC-42A3-9474-1A3956D46DE8}") = "2-Core", "2-Core", "{7911C7FE-C321-4C08-B030-075ECF070EF4}"
EndProject
Project("{FAE04EC0-301F-11D3-BF4B-00C04F79EFBC}") = "PetShop.Manager.Application", "PetShop.Manager.Application\PetShop.Manager.Application.csproj", "{1A98866E-CB2D-4AD3-B9BD-7392789299A6}"
EndProject
Project("{FAE04EC0-301F-11D3-BF4B-00C04F79EFBC}") = "PetShop.Manager.Persistence.Query", "PetShop.Manager.Persistence.Query\PetShop.Manager.Persistence.Query.csproj", "{8EA330C7-3856-4E35-BB37-0DA0DB61C738}"
EndProject
Project("{FAE04EC0-301F-11D3-BF4B-00C04F79EFBC}") = "PetShop.Manager.Persistence.Command", "PetShop.Manager.Persistence.Command\PetShop.Manager.Persistence.Command.csproj", "{862290B0-4BA2-43DB-BF04-648EA7A5BCAA}"
EndProject
Project("{2150E333-8FDC-42A3-9474-1A3956D46DE8}") = "2.3-Shared", "2.3-Shared", "{D9D328D6-9603-4C28-955A-623C6E12F266}"
EndProject
Project("{FAE04EC0-301F-11D3-BF4B-00C04F79EFBC}") = "PetShop.Manager.Persistence.DataModels", "PetShop.Manager.Persistence.DataModels\PetShop.Manager.Persistence.DataModels.csproj", "{16B56537-16E9-41F9-B61D-CC033B0F6764}"
EndProject
Project("{FAE04EC0-301F-11D3-BF4B-00C04F79EFBC}") = "PetShop.Manager.Infrastructure.Email", "PetShop.Manager.Infrastructure.Email\PetShop.Manager.Infrastructure.Email.csproj", "{52D63019-D92D-4062-96D1-5B4440C7FA44}"
EndProject
Project("{FAE04EC0-301F-11D3-BF4B-00C04F79EFBC}") = "PetShop.Manager.Application.Contracts", "PetShop.Manager.Application.Contracts\PetShop.Manager.Application.Contracts.csproj", "{050F43A9-26EF-4CE3-88B5-8B71F61EC5AB}"
EndProject
Global
	GlobalSection(SolutionConfigurationPlatforms) = preSolution
		Debug|Any CPU = Debug|Any CPU
		Release|Any CPU = Release|Any CPU
	EndGlobalSection
	GlobalSection(ProjectConfigurationPlatforms) = postSolution
		{DCCF6384-F802-42C3-BAED-E1E229DCEE4B}.Debug|Any CPU.ActiveCfg = Debug|Any CPU
		{DCCF6384-F802-42C3-BAED-E1E229DCEE4B}.Debug|Any CPU.Build.0 = Debug|Any CPU
		{DCCF6384-F802-42C3-BAED-E1E229DCEE4B}.Release|Any CPU.ActiveCfg = Release|Any CPU
		{DCCF6384-F802-42C3-BAED-E1E229DCEE4B}.Release|Any CPU.Build.0 = Release|Any CPU
		{A20265E8-F63B-4444-93EB-4E9BBA2F01AF}.Debug|Any CPU.ActiveCfg = Debug|Any CPU
		{A20265E8-F63B-4444-93EB-4E9BBA2F01AF}.Debug|Any CPU.Build.0 = Debug|Any CPU
		{A20265E8-F63B-4444-93EB-4E9BBA2F01AF}.Release|Any CPU.ActiveCfg = Release|Any CPU
		{A20265E8-F63B-4444-93EB-4E9BBA2F01AF}.Release|Any CPU.Build.0 = Release|Any CPU
		{1A98866E-CB2D-4AD3-B9BD-7392789299A6}.Debug|Any CPU.ActiveCfg = Debug|Any CPU
		{1A98866E-CB2D-4AD3-B9BD-7392789299A6}.Debug|Any CPU.Build.0 = Debug|Any CPU
		{1A98866E-CB2D-4AD3-B9BD-7392789299A6}.Release|Any CPU.ActiveCfg = Release|Any CPU
		{1A98866E-CB2D-4AD3-B9BD-7392789299A6}.Release|Any CPU.Build.0 = Release|Any CPU
		{8EA330C7-3856-4E35-BB37-0DA0DB61C738}.Debug|Any CPU.ActiveCfg = Debug|Any CPU
		{8EA330C7-3856-4E35-BB37-0DA0DB61C738}.Debug|Any CPU.Build.0 = Debug|Any CPU
		{8EA330C7-3856-4E35-BB37-0DA0DB61C738}.Release|Any CPU.ActiveCfg = Release|Any CPU
		{8EA330C7-3856-4E35-BB37-0DA0DB61C738}.Release|Any CPU.Build.0 = Release|Any CPU
		{862290B0-4BA2-43DB-BF04-648EA7A5BCAA}.Debug|Any CPU.ActiveCfg = Debug|Any CPU
		{862290B0-4BA2-43DB-BF04-648EA7A5BCAA}.Debug|Any CPU.Build.0 = Debug|Any CPU
		{862290B0-4BA2-43DB-BF04-648EA7A5BCAA}.Release|Any CPU.ActiveCfg = Release|Any CPU
		{862290B0-4BA2-43DB-BF04-648EA7A5BCAA}.Release|Any CPU.Build.0 = Release|Any CPU
		{16B56537-16E9-41F9-B61D-CC033B0F6764}.Debug|Any CPU.ActiveCfg = Debug|Any CPU
		{16B56537-16E9-41F9-B61D-CC033B0F6764}.Debug|Any CPU.Build.0 = Debug|Any CPU
		{16B56537-16E9-41F9-B61D-CC033B0F6764}.Release|Any CPU.ActiveCfg = Release|Any CPU
		{16B56537-16E9-41F9-B61D-CC033B0F6764}.Release|Any CPU.Build.0 = Release|Any CPU
		{52D63019-D92D-4062-96D1-5B4440C7FA44}.Debug|Any CPU.ActiveCfg = Debug|Any CPU
		{52D63019-D92D-4062-96D1-5B4440C7FA44}.Debug|Any CPU.Build.0 = Debug|Any CPU
		{52D63019-D92D-4062-96D1-5B4440C7FA44}.Release|Any CPU.ActiveCfg = Release|Any CPU
		{52D63019-D92D-4062-96D1-5B4440C7FA44}.Release|Any CPU.Build.0 = Release|Any CPU
		{050F43A9-26EF-4CE3-88B5-8B71F61EC5AB}.Debug|Any CPU.ActiveCfg = Debug|Any CPU
		{050F43A9-26EF-4CE3-88B5-8B71F61EC5AB}.Debug|Any CPU.Build.0 = Debug|Any CPU
		{050F43A9-26EF-4CE3-88B5-8B71F61EC5AB}.Release|Any CPU.ActiveCfg = Release|Any CPU
		{050F43A9-26EF-4CE3-88B5-8B71F61EC5AB}.Release|Any CPU.Build.0 = Release|Any CPU
	EndGlobalSection
	GlobalSection(SolutionProperties) = preSolution
		HideSolutionNode = FALSE
	EndGlobalSection
	GlobalSection(NestedProjects) = preSolution
		{DCCF6384-F802-42C3-BAED-E1E229DCEE4B} = {028D6F8B-7923-422D-9031-82B53B9E9A71}
		{A20265E8-F63B-4444-93EB-4E9BBA2F01AF} = {02EA681E-C7D8-13C7-8484-4AC65E1B71E8}
		{028D6F8B-7923-422D-9031-82B53B9E9A71} = {7911C7FE-C321-4C08-B030-075ECF070EF4}
		{60532BB9-0976-45D5-A663-5F884DA2B1DA} = {7911C7FE-C321-4C08-B030-075ECF070EF4}
		{1A98866E-CB2D-4AD3-B9BD-7392789299A6} = {60532BB9-0976-45D5-A663-5F884DA2B1DA}
		{8EA330C7-3856-4E35-BB37-0DA0DB61C738} = {D60B2D20-A0D9-4EC1-BF79-6792C15A7821}
		{862290B0-4BA2-43DB-BF04-648EA7A5BCAA} = {D60B2D20-A0D9-4EC1-BF79-6792C15A7821}
		{D9D328D6-9603-4C28-955A-623C6E12F266} = {7911C7FE-C321-4C08-B030-075ECF070EF4}
		{16B56537-16E9-41F9-B61D-CC033B0F6764} = {D60B2D20-A0D9-4EC1-BF79-6792C15A7821}
		{52D63019-D92D-4062-96D1-5B4440C7FA44} = {7EFB47D3-E6F5-4BA5-8EBB-659999D0CC50}
		{050F43A9-26EF-4CE3-88B5-8B71F61EC5AB} = {60532BB9-0976-45D5-A663-5F884DA2B1DA}
	EndGlobalSection
	GlobalSection(ExtensibilityGlobals) = postSolution
		SolutionGuid = {0B333B63-2666-4EFE-9DEA-091FCD6BA449}
	EndGlobalSection
EndGlobal
