
Microsoft Visual Studio Solution File, Format Version 12.00
# Visual Studio Version 17
VisualStudioVersion = 17.13.35818.85 d17.13
MinimumVisualStudioVersion = 10.0.40219.1
Project("{FAE04EC0-301F-11D3-BF4B-00C04F79EFBC}") = "class4", "class4.csproj", "{9DC1B2D3-DBD6-4E40-998C-6FF09860CAAB}"
EndProject
Global
	GlobalSection(SolutionConfigurationPlatforms) = preSolution
		Debug|Any CPU = Debug|Any CPU
		Release|Any CPU = Release|Any CPU
	EndGlobalSection
	GlobalSection(ProjectConfigurationPlatforms) = postSolution
		{9DC1B2D3-DBD6-4E40-998C-6FF09860CAAB}.Debug|Any CPU.ActiveCfg = Debug|Any CPU
		{9DC1B2D3-DBD6-4E40-998C-6FF09860CAAB}.Debug|Any CPU.Build.0 = Debug|Any CPU
		{9DC1B2D3-DBD6-4E40-998C-6FF09860CAAB}.Release|Any CPU.ActiveCfg = Release|Any CPU
		{9DC1B2D3-DBD6-4E40-998C-6FF09860CAAB}.Release|Any CPU.Build.0 = Release|Any CPU
	EndGlobalSection
	GlobalSection(SolutionProperties) = preSolution
		HideSolutionNode = FALSE
	EndGlobalSection
	GlobalSection(ExtensibilityGlobals) = postSolution
		SolutionGuid = {77896480-1A3C-427A-A8DB-D4E66BD6E762}
	EndGlobalSection
EndGlobal
