
Microsoft Visual Studio Solution File, Format Version 12.00
# Visual Studio Version 17
VisualStudioVersion = 17.13.35818.85
MinimumVisualStudioVersion = 10.0.40219.1
Project("{FAE04EC0-301F-11D3-BF4B-00C04F79EFBC}") = "PetShop.Manager.Domain", "PetShop.Manager.Domain\PetShop.Manager.Domain.csproj", "{0FA2CEC3-8B03-4C9C-8186-0D868F7432B1}"
EndProject
Project("{FAE04EC0-301F-11D3-BF4B-00C04F79EFBC}") = "Petshop.Manager.WebApi", "Petshop.Manager.WebApi\Petshop.Manager.WebApi.csproj", "{06682A1C-EEC8-44C8-B634-24A18E9AD730}"
EndProject
Project("{2150E333-8FDC-42A3-9474-1A3956D46DE8}") = "1-Presentation", "1-Presentation", "{02EA681E-C7D8-13C7-8484-4AC65E1B71E8}"
EndProject
Project("{2150E333-8FDC-42A3-9474-1A3956D46DE8}") = "2-Core", "2-Core", "{932BDA58-453E-41EF-8B1B-A0F6041930C4}"
EndProject
Project("{2150E333-8FDC-42A3-9474-1A3956D46DE8}") = "2.1-Application", "2.1-Application", "{E2B4AFE5-3725-4487-A39F-560322B430DE}"
EndProject
Project("{2150E333-8FDC-42A3-9474-1A3956D46DE8}") = "2.2-Domain", "2.2-Domain", "{91245318-B690-4019-BC0A-0C0E354B8CBE}"
EndProject
Project("{2150E333-8FDC-42A3-9474-1A3956D46DE8}") = "2.3-Shared", "2.3-Shared", "{85CC6F79-7441-4E76-8648-C99BE0723204}"
EndProject
Project("{FAE04EC0-301F-11D3-BF4B-00C04F79EFBC}") = "PetShop.Manager.Application", "PetShop.Manager.Application\PetShop.Manager.Application.csproj", "{4A434B65-77B2-4A69-BEAB-F0B0A6605F8D}"
EndProject
Project("{2150E333-8FDC-42A3-9474-1A3956D46DE8}") = "3-Persistence", "3-Persistence", "{5BEF0650-2D82-4611-9FC6-200133E2CADA}"
EndProject
Project("{FAE04EC0-301F-11D3-BF4B-00C04F79EFBC}") = "PetShop.Manager.Persistence.Command", "PetShop.Manager.Persistence.Command\PetShop.Manager.Persistence.Command.csproj", "{65514148-866B-491B-B291-F478895CBC7A}"
EndProject
Project("{FAE04EC0-301F-11D3-BF4B-00C04F79EFBC}") = "PetShop.Manager.Persistence.DataModels", "PetShop.Manager.Persistence.DataModels\PetShop.Manager.Persistence.DataModels.csproj", "{ADED2820-C466-4348-A754-E1F151BB3454}"
EndProject
Project("{FAE04EC0-301F-11D3-BF4B-00C04F79EFBC}") = "PetShop.Manager.Persistence.Query", "PetShop.Manager.Persistence.Query\PetShop.Manager.Persistence.Query.csproj", "{8F70AF06-189F-488C-96BB-41DD14942DFF}"
EndProject
Project("{2150E333-8FDC-42A3-9474-1A3956D46DE8}") = "4-Infrastructure", "4-Infrastructure", "{3653F456-FDC5-4DD2-9EC1-919F4226354E}"
EndProject
Project("{FAE04EC0-301F-11D3-BF4B-00C04F79EFBC}") = "PetShop.Manager.Infrastructure.Email", "PetShop.Manager.Infrastructure.Email\PetShop.Manager.Infrastructure.Email.csproj", "{A1B3D1C4-A1F9-43D5-9CA8-BA01BEF837FE}"
EndProject
Project("{FAE04EC0-301F-11D3-BF4B-00C04F79EFBC}") = "PetShop.Manager.Application.Contracts", "PetShop.Manager.Application.Contracts\PetShop.Manager.Application.Contracts.csproj", "{841A77DB-6A0C-4FA9-8151-3A1232647209}"
EndProject
Global
	GlobalSection(SolutionConfigurationPlatforms) = preSolution
		Debug|Any CPU = Debug|Any CPU
		Release|Any CPU = Release|Any CPU
	EndGlobalSection
	GlobalSection(ProjectConfigurationPlatforms) = postSolution
		{0FA2CEC3-8B03-4C9C-8186-0D868F7432B1}.Debug|Any CPU.ActiveCfg = Debug|Any CPU
		{0FA2CEC3-8B03-4C9C-8186-0D868F7432B1}.Debug|Any CPU.Build.0 = Debug|Any CPU
		{0FA2CEC3-8B03-4C9C-8186-0D868F7432B1}.Release|Any CPU.ActiveCfg = Release|Any CPU
		{0FA2CEC3-8B03-4C9C-8186-0D868F7432B1}.Release|Any CPU.Build.0 = Release|Any CPU
		{06682A1C-EEC8-44C8-B634-24A18E9AD730}.Debug|Any CPU.ActiveCfg = Debug|Any CPU
		{06682A1C-EEC8-44C8-B634-24A18E9AD730}.Debug|Any CPU.Build.0 = Debug|Any CPU
		{06682A1C-EEC8-44C8-B634-24A18E9AD730}.Release|Any CPU.ActiveCfg = Release|Any CPU
		{06682A1C-EEC8-44C8-B634-24A18E9AD730}.Release|Any CPU.Build.0 = Release|Any CPU
		{4A434B65-77B2-4A69-BEAB-F0B0A6605F8D}.Debug|Any CPU.ActiveCfg = Debug|Any CPU
		{4A434B65-77B2-4A69-BEAB-F0B0A6605F8D}.Debug|Any CPU.Build.0 = Debug|Any CPU
		{4A434B65-77B2-4A69-BEAB-F0B0A6605F8D}.Release|Any CPU.ActiveCfg = Release|Any CPU
		{4A434B65-77B2-4A69-BEAB-F0B0A6605F8D}.Release|Any CPU.Build.0 = Release|Any CPU
		{65514148-866B-491B-B291-F478895CBC7A}.Debug|Any CPU.ActiveCfg = Debug|Any CPU
		{65514148-866B-491B-B291-F478895CBC7A}.Debug|Any CPU.Build.0 = Debug|Any CPU
		{65514148-866B-491B-B291-F478895CBC7A}.Release|Any CPU.ActiveCfg = Release|Any CPU
		{65514148-866B-491B-B291-F478895CBC7A}.Release|Any CPU.Build.0 = Release|Any CPU
		{ADED2820-C466-4348-A754-E1F151BB3454}.Debug|Any CPU.ActiveCfg = Debug|Any CPU
		{ADED2820-C466-4348-A754-E1F151BB3454}.Debug|Any CPU.Build.0 = Debug|Any CPU
		{ADED2820-C466-4348-A754-E1F151BB3454}.Release|Any CPU.ActiveCfg = Release|Any CPU
		{ADED2820-C466-4348-A754-E1F151BB3454}.Release|Any CPU.Build.0 = Release|Any CPU
		{8F70AF06-189F-488C-96BB-41DD14942DFF}.Debug|Any CPU.ActiveCfg = Debug|Any CPU
		{8F70AF06-189F-488C-96BB-41DD14942DFF}.Debug|Any CPU.Build.0 = Debug|Any CPU
		{8F70AF06-189F-488C-96BB-41DD14942DFF}.Release|Any CPU.ActiveCfg = Release|Any CPU
		{8F70AF06-189F-488C-96BB-41DD14942DFF}.Release|Any CPU.Build.0 = Release|Any CPU
		{A1B3D1C4-A1F9-43D5-9CA8-BA01BEF837FE}.Debug|Any CPU.ActiveCfg = Debug|Any CPU
		{A1B3D1C4-A1F9-43D5-9CA8-BA01BEF837FE}.Debug|Any CPU.Build.0 = Debug|Any CPU
		{A1B3D1C4-A1F9-43D5-9CA8-BA01BEF837FE}.Release|Any CPU.ActiveCfg = Release|Any CPU
		{A1B3D1C4-A1F9-43D5-9CA8-BA01BEF837FE}.Release|Any CPU.Build.0 = Release|Any CPU
		{841A77DB-6A0C-4FA9-8151-3A1232647209}.Debug|Any CPU.ActiveCfg = Debug|Any CPU
		{841A77DB-6A0C-4FA9-8151-3A1232647209}.Debug|Any CPU.Build.0 = Debug|Any CPU
		{841A77DB-6A0C-4FA9-8151-3A1232647209}.Release|Any CPU.ActiveCfg = Release|Any CPU
		{841A77DB-6A0C-4FA9-8151-3A1232647209}.Release|Any CPU.Build.0 = Release|Any CPU
	EndGlobalSection
	GlobalSection(SolutionProperties) = preSolution
		HideSolutionNode = FALSE
	EndGlobalSection
	GlobalSection(NestedProjects) = preSolution
		{0FA2CEC3-8B03-4C9C-8186-0D868F7432B1} = {91245318-B690-4019-BC0A-0C0E354B8CBE}
		{06682A1C-EEC8-44C8-B634-24A18E9AD730} = {02EA681E-C7D8-13C7-8484-4AC65E1B71E8}
		{E2B4AFE5-3725-4487-A39F-560322B430DE} = {932BDA58-453E-41EF-8B1B-A0F6041930C4}
		{91245318-B690-4019-BC0A-0C0E354B8CBE} = {932BDA58-453E-41EF-8B1B-A0F6041930C4}
		{85CC6F79-7441-4E76-8648-C99BE0723204} = {932BDA58-453E-41EF-8B1B-A0F6041930C4}
		{4A434B65-77B2-4A69-BEAB-F0B0A6605F8D} = {E2B4AFE5-3725-4487-A39F-560322B430DE}
		{65514148-866B-491B-B291-F478895CBC7A} = {5BEF0650-2D82-4611-9FC6-200133E2CADA}
		{ADED2820-C466-4348-A754-E1F151BB3454} = {5BEF0650-2D82-4611-9FC6-200133E2CADA}
		{8F70AF06-189F-488C-96BB-41DD14942DFF} = {5BEF0650-2D82-4611-9FC6-200133E2CADA}
		{A1B3D1C4-A1F9-43D5-9CA8-BA01BEF837FE} = {3653F456-FDC5-4DD2-9EC1-919F4226354E}
		{841A77DB-6A0C-4FA9-8151-3A1232647209} = {E2B4AFE5-3725-4487-A39F-560322B430DE}
	EndGlobalSection
	GlobalSection(ExtensibilityGlobals) = postSolution
		SolutionGuid = {E4A4BBB4-E1BD-41C8-AFCB-5F8BCDA3472A}
	EndGlobalSection
EndGlobal
